
Microsoft Visual Studio Solution File, Format Version 12.00
# Visual Studio Express 2013 for Web
VisualStudioVersion = 12.0.30723.0
MinimumVisualStudioVersion = 10.0.40219.1
Project("{FAE04EC0-301F-11D3-BF4B-00C04F79EFBC}") = "FMS", "FMS\FMS.csproj", "{30512A85-44EA-4187-8C76-527B47C6D8CE}"
EndProject
Global
	GlobalSection(TeamFoundationVersionControl) = preSolution
		SccNumberOfProjects = 2
		SccEnterpriseProvider = {4CA58AB2-18FA-4F8D-95D4-32DDF27D184C}
		SccTeamFoundationServer = https://nisarahmad.visualstudio.com/defaultcollection
		SccLocalPath0 = .
		SccProjectUniqueName1 = FMS\\FMS.csproj
		SccProjectName1 = FMS
		SccLocalPath1 = FMS
	EndGlobalSection
	GlobalSection(SolutionConfigurationPlatforms) = preSolution
		Debug|Any CPU = Debug|Any CPU
		Release|Any CPU = Release|Any CPU
	EndGlobalSection
	GlobalSection(ProjectConfigurationPlatforms) = postSolution
		{30512A85-44EA-4187-8C76-527B47C6D8CE}.Debug|Any CPU.ActiveCfg = Debug|Any CPU
		{30512A85-44EA-4187-8C76-527B47C6D8CE}.Debug|Any CPU.Build.0 = Debug|Any CPU
		{30512A85-44EA-4187-8C76-527B47C6D8CE}.Release|Any CPU.ActiveCfg = Release|Any CPU
		{30512A85-44EA-4187-8C76-527B47C6D8CE}.Release|Any CPU.Build.0 = Release|Any CPU
	EndGlobalSection
	GlobalSection(SolutionProperties) = preSolution
		HideSolutionNode = FALSE
	EndGlobalSection
EndGlobal
